// !$*UTF8*$!
{
	archiveVersion = 1;
	classes = {
	};
	objectVersion = 56;
	objects = {

/* Begin PBXBuildFile section */
		531421F429C36131001671EB /* WYIDApp.swift in Sources */ = {isa = PBXBuildFile; fileRef = 531421F329C36131001671EB /* WYIDApp.swift */; };
		531421F629C36131001671EB /* ContentView.swift in Sources */ = {isa = PBXBuildFile; fileRef = 531421F529C36131001671EB /* ContentView.swift */; };
		531421F829C36135001671EB /* Assets.xcassets in Resources */ = {isa = PBXBuildFile; fileRef = 531421F729C36135001671EB /* Assets.xcassets */; };
		531421FB29C36135001671EB /* Preview Assets.xcassets in Resources */ = {isa = PBXBuildFile; fileRef = 531421FA29C36135001671EB /* Preview Assets.xcassets */; };
		531BF35B29C3860B00A28F40 /* WYID in Frameworks */ = {isa = PBXBuildFile; productRef = 531BF35A29C3860B00A28F40 /* WYID */; };
		53FB4BAF29C37C7800AE32F7 /* WidgetKit.framework in Frameworks */ = {isa = PBXBuildFile; fileRef = 53FB4BAE29C37C7800AE32F7 /* WidgetKit.framework */; };
		53FB4BB129C37C7800AE32F7 /* SwiftUI.framework in Frameworks */ = {isa = PBXBuildFile; fileRef = 53FB4BB029C37C7800AE32F7 /* SwiftUI.framework */; };
		53FB4BB429C37C7900AE32F7 /* Widgets.swift in Sources */ = {isa = PBXBuildFile; fileRef = 53FB4BB329C37C7900AE32F7 /* Widgets.swift */; };
		53FB4BB729C37C7B00AE32F7 /* Assets.xcassets in Resources */ = {isa = PBXBuildFile; fileRef = 53FB4BB629C37C7B00AE32F7 /* Assets.xcassets */; };
		53FB4BB929C37C7B00AE32F7 /* Widgets.intentdefinition in Sources */ = {isa = PBXBuildFile; fileRef = 53FB4BB529C37C7900AE32F7 /* Widgets.intentdefinition */; };
		53FB4BBA29C37C7B00AE32F7 /* Widgets.intentdefinition in Sources */ = {isa = PBXBuildFile; fileRef = 53FB4BB529C37C7900AE32F7 /* Widgets.intentdefinition */; };
		53FB4BBD29C37C7B00AE32F7 /* WidgetsExtension.appex in Embed Foundation Extensions */ = {isa = PBXBuildFile; fileRef = 53FB4BAC29C37C7800AE32F7 /* WidgetsExtension.appex */; settings = {ATTRIBUTES = (RemoveHeadersOnCopy, ); }; };
		53FB4BED29C37DC800AE32F7 /* Intents.framework in Frameworks */ = {isa = PBXBuildFile; fileRef = 53FB4BC829C37DA500AE32F7 /* Intents.framework */; };
		53FB4BF029C37DC800AE32F7 /* IntentHandler.swift in Sources */ = {isa = PBXBuildFile; fileRef = 53FB4BEF29C37DC800AE32F7 /* IntentHandler.swift */; };
		53FB4BF429C37DC800AE32F7 /* Intent.appex in Embed Foundation Extensions */ = {isa = PBXBuildFile; fileRef = 53FB4BEC29C37DC800AE32F7 /* Intent.appex */; settings = {ATTRIBUTES = (RemoveHeadersOnCopy, ); }; };
		53FB4BF829C37DD200AE32F7 /* Widgets.intentdefinition in Sources */ = {isa = PBXBuildFile; fileRef = 53FB4BB529C37C7900AE32F7 /* Widgets.intentdefinition */; };
		53FB4BFA29C37DEF00AE32F7 /* IntentHandler+SelectPhotoIntentHandling.swift in Sources */ = {isa = PBXBuildFile; fileRef = 53FB4BF929C37DEF00AE32F7 /* IntentHandler+SelectPhotoIntentHandling.swift */; };
/* End PBXBuildFile section */

/* Begin PBXContainerItemProxy section */
		53FB4BBB29C37C7B00AE32F7 /* PBXContainerItemProxy */ = {
			isa = PBXContainerItemProxy;
			containerPortal = 531421E829C36131001671EB /* Project object */;
			proxyType = 1;
			remoteGlobalIDString = 53FB4BAB29C37C7800AE32F7;
			remoteInfo = WidgetsExtension;
		};
		53FB4BF229C37DC800AE32F7 /* PBXContainerItemProxy */ = {
			isa = PBXContainerItemProxy;
			containerPortal = 531421E829C36131001671EB /* Project object */;
			proxyType = 1;
			remoteGlobalIDString = 53FB4BEB29C37DC800AE32F7;
			remoteInfo = Intent;
		};
/* End PBXContainerItemProxy section */

/* Begin PBXCopyFilesBuildPhase section */
		53FB4BC129C37C7B00AE32F7 /* Embed Foundation Extensions */ = {
			isa = PBXCopyFilesBuildPhase;
			buildActionMask = 2147483647;
			dstPath = "";
			dstSubfolderSpec = 13;
			files = (
				53FB4BF429C37DC800AE32F7 /* Intent.appex in Embed Foundation Extensions */,
				53FB4BBD29C37C7B00AE32F7 /* WidgetsExtension.appex in Embed Foundation Extensions */,
			);
			name = "Embed Foundation Extensions";
			runOnlyForDeploymentPostprocessing = 0;
		};
/* End PBXCopyFilesBuildPhase section */

/* Begin PBXFileReference section */
		531421F029C36131001671EB /* WYID.app */ = {isa = PBXFileReference; explicitFileType = wrapper.application; includeInIndex = 0; path = WYID.app; sourceTree = BUILT_PRODUCTS_DIR; };
		531421F329C36131001671EB /* WYIDApp.swift */ = {isa = PBXFileReference; lastKnownFileType = sourcecode.swift; path = WYIDApp.swift; sourceTree = "<group>"; };
		531421F529C36131001671EB /* ContentView.swift */ = {isa = PBXFileReference; lastKnownFileType = sourcecode.swift; path = ContentView.swift; sourceTree = "<group>"; };
		531421F729C36135001671EB /* Assets.xcassets */ = {isa = PBXFileReference; lastKnownFileType = folder.assetcatalog; path = Assets.xcassets; sourceTree = "<group>"; };
		531421FA29C36135001671EB /* Preview Assets.xcassets */ = {isa = PBXFileReference; lastKnownFileType = folder.assetcatalog; path = "Preview Assets.xcassets"; sourceTree = "<group>"; };
		53FB4BAC29C37C7800AE32F7 /* WidgetsExtension.appex */ = {isa = PBXFileReference; explicitFileType = "wrapper.app-extension"; includeInIndex = 0; path = WidgetsExtension.appex; sourceTree = BUILT_PRODUCTS_DIR; };
		53FB4BAE29C37C7800AE32F7 /* WidgetKit.framework */ = {isa = PBXFileReference; lastKnownFileType = wrapper.framework; name = WidgetKit.framework; path = System/Library/Frameworks/WidgetKit.framework; sourceTree = SDKROOT; };
		53FB4BB029C37C7800AE32F7 /* SwiftUI.framework */ = {isa = PBXFileReference; lastKnownFileType = wrapper.framework; name = SwiftUI.framework; path = System/Library/Frameworks/SwiftUI.framework; sourceTree = SDKROOT; };
		53FB4BB329C37C7900AE32F7 /* Widgets.swift */ = {isa = PBXFileReference; lastKnownFileType = sourcecode.swift; path = Widgets.swift; sourceTree = "<group>"; };
		53FB4BB529C37C7900AE32F7 /* Widgets.intentdefinition */ = {isa = PBXFileReference; lastKnownFileType = file.intentdefinition; path = Widgets.intentdefinition; sourceTree = "<group>"; };
		53FB4BB629C37C7B00AE32F7 /* Assets.xcassets */ = {isa = PBXFileReference; lastKnownFileType = folder.assetcatalog; path = Assets.xcassets; sourceTree = "<group>"; };
		53FB4BB829C37C7B00AE32F7 /* Info.plist */ = {isa = PBXFileReference; lastKnownFileType = text.plist.xml; path = Info.plist; sourceTree = "<group>"; };
		53FB4BC229C37CF600AE32F7 /* Info.plist */ = {isa = PBXFileReference; lastKnownFileType = text.plist; path = Info.plist; sourceTree = "<group>"; };
		53FB4BC829C37DA500AE32F7 /* Intents.framework */ = {isa = PBXFileReference; lastKnownFileType = wrapper.framework; name = Intents.framework; path = System/Library/Frameworks/Intents.framework; sourceTree = SDKROOT; };
		53FB4BEC29C37DC800AE32F7 /* Intent.appex */ = {isa = PBXFileReference; explicitFileType = "wrapper.app-extension"; includeInIndex = 0; path = Intent.appex; sourceTree = BUILT_PRODUCTS_DIR; };
		53FB4BEF29C37DC800AE32F7 /* IntentHandler.swift */ = {isa = PBXFileReference; lastKnownFileType = sourcecode.swift; path = IntentHandler.swift; sourceTree = "<group>"; };
		53FB4BF129C37DC800AE32F7 /* Info.plist */ = {isa = PBXFileReference; lastKnownFileType = text.plist.xml; path = Info.plist; sourceTree = "<group>"; };
		53FB4BF929C37DEF00AE32F7 /* IntentHandler+SelectPhotoIntentHandling.swift */ = {isa = PBXFileReference; lastKnownFileType = sourcecode.swift; path = "IntentHandler+SelectPhotoIntentHandling.swift"; sourceTree = "<group>"; };
/* End PBXFileReference section */

/* Begin PBXFrameworksBuildPhase section */
		531421ED29C36131001671EB /* Frameworks */ = {
			isa = PBXFrameworksBuildPhase;
			buildActionMask = 2147483647;
			files = (
				531BF35B29C3860B00A28F40 /* WYID in Frameworks */,
			);
			runOnlyForDeploymentPostprocessing = 0;
		};
		53FB4BA929C37C7800AE32F7 /* Frameworks */ = {
			isa = PBXFrameworksBuildPhase;
			buildActionMask = 2147483647;
			files = (
				53FB4BB129C37C7800AE32F7 /* SwiftUI.framework in Frameworks */,
				53FB4BAF29C37C7800AE32F7 /* WidgetKit.framework in Frameworks */,
			);
			runOnlyForDeploymentPostprocessing = 0;
		};
		53FB4BE929C37DC800AE32F7 /* Frameworks */ = {
			isa = PBXFrameworksBuildPhase;
			buildActionMask = 2147483647;
			files = (
				53FB4BED29C37DC800AE32F7 /* Intents.framework in Frameworks */,
			);
			runOnlyForDeploymentPostprocessing = 0;
		};
/* End PBXFrameworksBuildPhase section */

/* Begin PBXGroup section */
		531421E729C36131001671EB = {
			isa = PBXGroup;
			children = (
				531421F229C36131001671EB /* WYID */,
				53FB4BB229C37C7900AE32F7 /* Widgets */,
				53FB4BEE29C37DC800AE32F7 /* Intent */,
				53FB4BAD29C37C7800AE32F7 /* Frameworks */,
				531421F129C36131001671EB /* Products */,
			);
			sourceTree = "<group>";
		};
		531421F129C36131001671EB /* Products */ = {
			isa = PBXGroup;
			children = (
				531421F029C36131001671EB /* WYID.app */,
				53FB4BAC29C37C7800AE32F7 /* WidgetsExtension.appex */,
				53FB4BEC29C37DC800AE32F7 /* Intent.appex */,
			);
			name = Products;
			sourceTree = "<group>";
		};
		531421F229C36131001671EB /* WYID */ = {
			isa = PBXGroup;
			children = (
				53FB4BC229C37CF600AE32F7 /* Info.plist */,
				531421F329C36131001671EB /* WYIDApp.swift */,
				531421F529C36131001671EB /* ContentView.swift */,
				531421F729C36135001671EB /* Assets.xcassets */,
				531421F929C36135001671EB /* Preview Content */,
			);
			path = WYID;
			sourceTree = "<group>";
		};
		531421F929C36135001671EB /* Preview Content */ = {
			isa = PBXGroup;
			children = (
				531421FA29C36135001671EB /* Preview Assets.xcassets */,
			);
			path = "Preview Content";
			sourceTree = "<group>";
		};
		53FB4BAD29C37C7800AE32F7 /* Frameworks */ = {
			isa = PBXGroup;
			children = (
				53FB4BAE29C37C7800AE32F7 /* WidgetKit.framework */,
				53FB4BB029C37C7800AE32F7 /* SwiftUI.framework */,
				53FB4BC829C37DA500AE32F7 /* Intents.framework */,
			);
			name = Frameworks;
			sourceTree = "<group>";
		};
		53FB4BB229C37C7900AE32F7 /* Widgets */ = {
			isa = PBXGroup;
			children = (
				53FB4BB329C37C7900AE32F7 /* Widgets.swift */,
				53FB4BB529C37C7900AE32F7 /* Widgets.intentdefinition */,
				53FB4BB629C37C7B00AE32F7 /* Assets.xcassets */,
				53FB4BB829C37C7B00AE32F7 /* Info.plist */,
			);
			path = Widgets;
			sourceTree = "<group>";
		};
		53FB4BEE29C37DC800AE32F7 /* Intent */ = {
			isa = PBXGroup;
			children = (
				53FB4BEF29C37DC800AE32F7 /* IntentHandler.swift */,
				53FB4BF129C37DC800AE32F7 /* Info.plist */,
				53FB4BF929C37DEF00AE32F7 /* IntentHandler+SelectPhotoIntentHandling.swift */,
			);
			path = Intent;
			sourceTree = "<group>";
		};
/* End PBXGroup section */

/* Begin PBXNativeTarget section */
		531421EF29C36131001671EB /* WYID */ = {
			isa = PBXNativeTarget;
			buildConfigurationList = 5314221429C36135001671EB /* Build configuration list for PBXNativeTarget "WYID" */;
			buildPhases = (
				531421EC29C36131001671EB /* Sources */,
				531421ED29C36131001671EB /* Frameworks */,
				531421EE29C36131001671EB /* Resources */,
				53FB4BC129C37C7B00AE32F7 /* Embed Foundation Extensions */,
			);
			buildRules = (
			);
			dependencies = (
				53FB4BBC29C37C7B00AE32F7 /* PBXTargetDependency */,
				53FB4BF329C37DC800AE32F7 /* PBXTargetDependency */,
			);
			name = WYID;
			packageProductDependencies = (
				531BF35A29C3860B00A28F40 /* WYID */,
			);
			productName = WYID;
			productReference = 531421F029C36131001671EB /* WYID.app */;
			productType = "com.apple.product-type.application";
		};
		53FB4BAB29C37C7800AE32F7 /* WidgetsExtension */ = {
			isa = PBXNativeTarget;
			buildConfigurationList = 53FB4BBE29C37C7B00AE32F7 /* Build configuration list for PBXNativeTarget "WidgetsExtension" */;
			buildPhases = (
				53FB4BA829C37C7800AE32F7 /* Sources */,
				53FB4BA929C37C7800AE32F7 /* Frameworks */,
				53FB4BAA29C37C7800AE32F7 /* Resources */,
			);
			buildRules = (
			);
			dependencies = (
			);
			name = WidgetsExtension;
			productName = WidgetsExtension;
			productReference = 53FB4BAC29C37C7800AE32F7 /* WidgetsExtension.appex */;
			productType = "com.apple.product-type.app-extension";
		};
		53FB4BEB29C37DC800AE32F7 /* Intent */ = {
			isa = PBXNativeTarget;
			buildConfigurationList = 53FB4BF529C37DC900AE32F7 /* Build configuration list for PBXNativeTarget "Intent" */;
			buildPhases = (
				53FB4BE829C37DC800AE32F7 /* Sources */,
				53FB4BE929C37DC800AE32F7 /* Frameworks */,
				53FB4BEA29C37DC800AE32F7 /* Resources */,
			);
			buildRules = (
			);
			dependencies = (
			);
			name = Intent;
			productName = Intent;
			productReference = 53FB4BEC29C37DC800AE32F7 /* Intent.appex */;
			productType = "com.apple.product-type.app-extension";
		};
/* End PBXNativeTarget section */

/* Begin PBXProject section */
		531421E829C36131001671EB /* Project object */ = {
			isa = PBXProject;
			attributes = {
				BuildIndependentTargetsInParallel = 1;
				LastSwiftUpdateCheck = 1400;
				LastUpgradeCheck = 1400;
				TargetAttributes = {
					531421EF29C36131001671EB = {
						CreatedOnToolsVersion = 14.0.1;
					};
					53FB4BAB29C37C7800AE32F7 = {
						CreatedOnToolsVersion = 14.0.1;
					};
					53FB4BEB29C37DC800AE32F7 = {
						CreatedOnToolsVersion = 14.0.1;
					};
				};
			};
			buildConfigurationList = 531421EB29C36131001671EB /* Build configuration list for PBXProject "WYID" */;
			compatibilityVersion = "Xcode 14.0";
			developmentRegion = en;
			hasScannedForEncodings = 0;
			knownRegions = (
				en,
				Base,
			);
			mainGroup = 531421E729C36131001671EB;
			productRefGroup = 531421F129C36131001671EB /* Products */;
			projectDirPath = "";
			projectRoot = "";
			targets = (
				531421EF29C36131001671EB /* WYID */,
				53FB4BAB29C37C7800AE32F7 /* WidgetsExtension */,
				53FB4BEB29C37DC800AE32F7 /* Intent */,
			);
		};
/* End PBXProject section */

/* Begin PBXResourcesBuildPhase section */
		531421EE29C36131001671EB /* Resources */ = {
			isa = PBXResourcesBuildPhase;
			buildActionMask = 2147483647;
			files = (
				531421FB29C36135001671EB /* Preview Assets.xcassets in Resources */,
				531421F829C36135001671EB /* Assets.xcassets in Resources */,
			);
			runOnlyForDeploymentPostprocessing = 0;
		};
		53FB4BAA29C37C7800AE32F7 /* Resources */ = {
			isa = PBXResourcesBuildPhase;
			buildActionMask = 2147483647;
			files = (
				53FB4BB729C37C7B00AE32F7 /* Assets.xcassets in Resources */,
			);
			runOnlyForDeploymentPostprocessing = 0;
		};
		53FB4BEA29C37DC800AE32F7 /* Resources */ = {
			isa = PBXResourcesBuildPhase;
			buildActionMask = 2147483647;
			files = (
			);
			runOnlyForDeploymentPostprocessing = 0;
		};
/* End PBXResourcesBuildPhase section */

/* Begin PBXSourcesBuildPhase section */
		531421EC29C36131001671EB /* Sources */ = {
			isa = PBXSourcesBuildPhase;
			buildActionMask = 2147483647;
			files = (
				531421F629C36131001671EB /* ContentView.swift in Sources */,
				53FB4BBA29C37C7B00AE32F7 /* Widgets.intentdefinition in Sources */,
				531421F429C36131001671EB /* WYIDApp.swift in Sources */,
			);
			runOnlyForDeploymentPostprocessing = 0;
		};
		53FB4BA829C37C7800AE32F7 /* Sources */ = {
			isa = PBXSourcesBuildPhase;
			buildActionMask = 2147483647;
			files = (
				53FB4BB929C37C7B00AE32F7 /* Widgets.intentdefinition in Sources */,
				53FB4BB429C37C7900AE32F7 /* Widgets.swift in Sources */,
			);
			runOnlyForDeploymentPostprocessing = 0;
		};
		53FB4BE829C37DC800AE32F7 /* Sources */ = {
			isa = PBXSourcesBuildPhase;
			buildActionMask = 2147483647;
			files = (
				53FB4BF829C37DD200AE32F7 /* Widgets.intentdefinition in Sources */,
				53FB4BFA29C37DEF00AE32F7 /* IntentHandler+SelectPhotoIntentHandling.swift in Sources */,
				53FB4BF029C37DC800AE32F7 /* IntentHandler.swift in Sources */,
			);
			runOnlyForDeploymentPostprocessing = 0;
		};
/* End PBXSourcesBuildPhase section */

/* Begin PBXTargetDependency section */
		53FB4BBC29C37C7B00AE32F7 /* PBXTargetDependency */ = {
			isa = PBXTargetDependency;
			target = 53FB4BAB29C37C7800AE32F7 /* WidgetsExtension */;
			targetProxy = 53FB4BBB29C37C7B00AE32F7 /* PBXContainerItemProxy */;
		};
		53FB4BF329C37DC800AE32F7 /* PBXTargetDependency */ = {
			isa = PBXTargetDependency;
			target = 53FB4BEB29C37DC800AE32F7 /* Intent */;
			targetProxy = 53FB4BF229C37DC800AE32F7 /* PBXContainerItemProxy */;
		};
/* End PBXTargetDependency section */

/* Begin XCBuildConfiguration section */
		5314221229C36135001671EB /* Debug */ = {
			isa = XCBuildConfiguration;
			buildSettings = {
				ALWAYS_SEARCH_USER_PATHS = NO;
				CLANG_ANALYZER_NONNULL = YES;
				CLANG_ANALYZER_NUMBER_OBJECT_CONVERSION = YES_AGGRESSIVE;
				CLANG_CXX_LANGUAGE_STANDARD = "gnu++20";
				CLANG_ENABLE_MODULES = YES;
				CLANG_ENABLE_OBJC_ARC = YES;
				CLANG_ENABLE_OBJC_WEAK = YES;
				CLANG_WARN_BLOCK_CAPTURE_AUTORELEASING = YES;
				CLANG_WARN_BOOL_CONVERSION = YES;
				CLANG_WARN_COMMA = YES;
				CLANG_WARN_CONSTANT_CONVERSION = YES;
				CLANG_WARN_DEPRECATED_OBJC_IMPLEMENTATIONS = YES;
				CLANG_WARN_DIRECT_OBJC_ISA_USAGE = YES_ERROR;
				CLANG_WARN_DOCUMENTATION_COMMENTS = YES;
				CLANG_WARN_EMPTY_BODY = YES;
				CLANG_WARN_ENUM_CONVERSION = YES;
				CLANG_WARN_INFINITE_RECURSION = YES;
				CLANG_WARN_INT_CONVERSION = YES;
				CLANG_WARN_NON_LITERAL_NULL_CONVERSION = YES;
				CLANG_WARN_OBJC_IMPLICIT_RETAIN_SELF = YES;
				CLANG_WARN_OBJC_LITERAL_CONVERSION = YES;
				CLANG_WARN_OBJC_ROOT_CLASS = YES_ERROR;
				CLANG_WARN_QUOTED_INCLUDE_IN_FRAMEWORK_HEADER = YES;
				CLANG_WARN_RANGE_LOOP_ANALYSIS = YES;
				CLANG_WARN_STRICT_PROTOTYPES = YES;
				CLANG_WARN_SUSPICIOUS_MOVE = YES;
				CLANG_WARN_UNGUARDED_AVAILABILITY = YES_AGGRESSIVE;
				CLANG_WARN_UNREACHABLE_CODE = YES;
				CLANG_WARN__DUPLICATE_METHOD_MATCH = YES;
				COPY_PHASE_STRIP = NO;
				DEBUG_INFORMATION_FORMAT = dwarf;
				ENABLE_STRICT_OBJC_MSGSEND = YES;
				ENABLE_TESTABILITY = YES;
				GCC_C_LANGUAGE_STANDARD = gnu11;
				GCC_DYNAMIC_NO_PIC = NO;
				GCC_NO_COMMON_BLOCKS = YES;
				GCC_OPTIMIZATION_LEVEL = 0;
				GCC_PREPROCESSOR_DEFINITIONS = (
					"DEBUG=1",
					"$(inherited)",
				);
				GCC_WARN_64_TO_32_BIT_CONVERSION = YES;
				GCC_WARN_ABOUT_RETURN_TYPE = YES_ERROR;
				GCC_WARN_UNDECLARED_SELECTOR = YES;
				GCC_WARN_UNINITIALIZED_AUTOS = YES_AGGRESSIVE;
				GCC_WARN_UNUSED_FUNCTION = YES;
				GCC_WARN_UNUSED_VARIABLE = YES;
				IPHONEOS_DEPLOYMENT_TARGET = 16.0;
				MTL_ENABLE_DEBUG_INFO = INCLUDE_SOURCE;
				MTL_FAST_MATH = YES;
				ONLY_ACTIVE_ARCH = YES;
				SDKROOT = iphoneos;
				SWIFT_ACTIVE_COMPILATION_CONDITIONS = DEBUG;
				SWIFT_OPTIMIZATION_LEVEL = "-Onone";
			};
			name = Debug;
		};
		5314221329C36135001671EB /* Release */ = {
			isa = XCBuildConfiguration;
			buildSettings = {
				ALWAYS_SEARCH_USER_PATHS = NO;
				CLANG_ANALYZER_NONNULL = YES;
				CLANG_ANALYZER_NUMBER_OBJECT_CONVERSION = YES_AGGRESSIVE;
				CLANG_CXX_LANGUAGE_STANDARD = "gnu++20";
				CLANG_ENABLE_MODULES = YES;
				CLANG_ENABLE_OBJC_ARC = YES;
				CLANG_ENABLE_OBJC_WEAK = YES;
				CLANG_WARN_BLOCK_CAPTURE_AUTORELEASING = YES;
				CLANG_WARN_BOOL_CONVERSION = YES;
				CLANG_WARN_COMMA = YES;
				CLANG_WARN_CONSTANT_CONVERSION = YES;
				CLANG_WARN_DEPRECATED_OBJC_IMPLEMENTATIONS = YES;
				CLANG_WARN_DIRECT_OBJC_ISA_USAGE = YES_ERROR;
				CLANG_WARN_DOCUMENTATION_COMMENTS = YES;
				CLANG_WARN_EMPTY_BODY = YES;
				CLANG_WARN_ENUM_CONVERSION = YES;
				CLANG_WARN_INFINITE_RECURSION = YES;
				CLANG_WARN_INT_CONVERSION = YES;
				CLANG_WARN_NON_LITERAL_NULL_CONVERSION = YES;
				CLANG_WARN_OBJC_IMPLICIT_RETAIN_SELF = YES;
				CLANG_WARN_OBJC_LITERAL_CONVERSION = YES;
				CLANG_WARN_OBJC_ROOT_CLASS = YES_ERROR;
				CLANG_WARN_QUOTED_INCLUDE_IN_FRAMEWORK_HEADER = YES;
				CLANG_WARN_RANGE_LOOP_ANALYSIS = YES;
				CLANG_WARN_STRICT_PROTOTYPES = YES;
				CLANG_WARN_SUSPICIOUS_MOVE = YES;
				CLANG_WARN_UNGUARDED_AVAILABILITY = YES_AGGRESSIVE;
				CLANG_WARN_UNREACHABLE_CODE = YES;
				CLANG_WARN__DUPLICATE_METHOD_MATCH = YES;
				COPY_PHASE_STRIP = NO;
				DEBUG_INFORMATION_FORMAT = "dwarf-with-dsym";
				ENABLE_NS_ASSERTIONS = NO;
				ENABLE_STRICT_OBJC_MSGSEND = YES;
				GCC_C_LANGUAGE_STANDARD = gnu11;
				GCC_NO_COMMON_BLOCKS = YES;
				GCC_WARN_64_TO_32_BIT_CONVERSION = YES;
				GCC_WARN_ABOUT_RETURN_TYPE = YES_ERROR;
				GCC_WARN_UNDECLARED_SELECTOR = YES;
				GCC_WARN_UNINITIALIZED_AUTOS = YES_AGGRESSIVE;
				GCC_WARN_UNUSED_FUNCTION = YES;
				GCC_WARN_UNUSED_VARIABLE = YES;
				IPHONEOS_DEPLOYMENT_TARGET = 16.0;
				MTL_ENABLE_DEBUG_INFO = NO;
				MTL_FAST_MATH = YES;
				SDKROOT = iphoneos;
				SWIFT_COMPILATION_MODE = wholemodule;
				SWIFT_OPTIMIZATION_LEVEL = "-O";
				VALIDATE_PRODUCT = YES;
			};
			name = Release;
		};
		5314221529C36135001671EB /* Debug */ = {
			isa = XCBuildConfiguration;
			buildSettings = {
				ALWAYS_EMBED_SWIFT_STANDARD_LIBRARIES = YES;
				ASSETCATALOG_COMPILER_APPICON_NAME = AppIcon;
				ASSETCATALOG_COMPILER_GLOBAL_ACCENT_COLOR_NAME = AccentColor;
				CODE_SIGN_STYLE = Automatic;
				CURRENT_PROJECT_VERSION = 1;
				DEVELOPMENT_ASSET_PATHS = "\"WYID/Preview Content\"";
				DEVELOPMENT_TEAM = 5FF7DL6Z6Q;
				ENABLE_PREVIEWS = YES;
				GENERATE_INFOPLIST_FILE = YES;
				INFOPLIST_FILE = WYID/Info.plist;
				INFOPLIST_KEY_UIApplicationSceneManifest_Generation = YES;
				INFOPLIST_KEY_UIApplicationSupportsIndirectInputEvents = YES;
				INFOPLIST_KEY_UILaunchScreen_Generation = YES;
				INFOPLIST_KEY_UISupportedInterfaceOrientations_iPad = "UIInterfaceOrientationPortrait UIInterfaceOrientationPortraitUpsideDown UIInterfaceOrientationLandscapeLeft UIInterfaceOrientationLandscapeRight";
				INFOPLIST_KEY_UISupportedInterfaceOrientations_iPhone = "UIInterfaceOrientationPortrait UIInterfaceOrientationLandscapeLeft UIInterfaceOrientationLandscapeRight";
				LD_RUNPATH_SEARCH_PATHS = (
					"$(inherited)",
					"@executable_path/Frameworks",
				);
				MARKETING_VERSION = 1.0;
				PRODUCT_BUNDLE_IDENTIFIER = kobayashi.shoto.wyid.WYID;
				PRODUCT_NAME = "$(TARGET_NAME)";
				SWIFT_EMIT_LOC_STRINGS = YES;
				SWIFT_VERSION = 5.0;
				TARGETED_DEVICE_FAMILY = "1,2";
			};
			name = Debug;
		};
		5314221629C36135001671EB /* Release */ = {
			isa = XCBuildConfiguration;
			buildSettings = {
				ALWAYS_EMBED_SWIFT_STANDARD_LIBRARIES = YES;
				ASSETCATALOG_COMPILER_APPICON_NAME = AppIcon;
				ASSETCATALOG_COMPILER_GLOBAL_ACCENT_COLOR_NAME = AccentColor;
				CODE_SIGN_STYLE = Automatic;
				CURRENT_PROJECT_VERSION = 1;
				DEVELOPMENT_ASSET_PATHS = "\"WYID/Preview Content\"";
				DEVELOPMENT_TEAM = 5FF7DL6Z6Q;
				ENABLE_PREVIEWS = YES;
				GENERATE_INFOPLIST_FILE = YES;
				INFOPLIST_FILE = WYID/Info.plist;
				INFOPLIST_KEY_UIApplicationSceneManifest_Generation = YES;
				INFOPLIST_KEY_UIApplicationSupportsIndirectInputEvents = YES;
				INFOPLIST_KEY_UILaunchScreen_Generation = YES;
				INFOPLIST_KEY_UISupportedInterfaceOrientations_iPad = "UIInterfaceOrientationPortrait UIInterfaceOrientationPortraitUpsideDown UIInterfaceOrientationLandscapeLeft UIInterfaceOrientationLandscapeRight";
				INFOPLIST_KEY_UISupportedInterfaceOrientations_iPhone = "UIInterfaceOrientationPortrait UIInterfaceOrientationLandscapeLeft UIInterfaceOrientationLandscapeRight";
				LD_RUNPATH_SEARCH_PATHS = (
					"$(inherited)",
					"@executable_path/Frameworks",
				);
				MARKETING_VERSION = 1.0;
				PRODUCT_BUNDLE_IDENTIFIER = kobayashi.shoto.wyid.WYID;
				PRODUCT_NAME = "$(TARGET_NAME)";
				SWIFT_EMIT_LOC_STRINGS = YES;
				SWIFT_VERSION = 5.0;
				TARGETED_DEVICE_FAMILY = "1,2";
			};
			name = Release;
		};
		53FB4BBF29C37C7B00AE32F7 /* Debug */ = {
			isa = XCBuildConfiguration;
			buildSettings = {
				ASSETCATALOG_COMPILER_GLOBAL_ACCENT_COLOR_NAME = AccentColor;
				ASSETCATALOG_COMPILER_WIDGET_BACKGROUND_COLOR_NAME = WidgetBackground;
				CODE_SIGN_STYLE = Automatic;
				CURRENT_PROJECT_VERSION = 1;
				DEVELOPMENT_TEAM = 5FF7DL6Z6Q;
				GENERATE_INFOPLIST_FILE = YES;
				INFOPLIST_FILE = Widgets/Info.plist;
				INFOPLIST_KEY_CFBundleDisplayName = Widgets;
				INFOPLIST_KEY_NSHumanReadableCopyright = "";
				LD_RUNPATH_SEARCH_PATHS = (
					"$(inherited)",
					"@executable_path/Frameworks",
					"@executable_path/../../Frameworks",
				);
				MARKETING_VERSION = 1.0;
				PRODUCT_BUNDLE_IDENTIFIER = kobayashi.shoto.wyid.WYID.Widgets;
				PRODUCT_NAME = "$(TARGET_NAME)";
				SKIP_INSTALL = YES;
				SWIFT_EMIT_LOC_STRINGS = YES;
				SWIFT_VERSION = 5.0;
				TARGETED_DEVICE_FAMILY = "1,2";
			};
			name = Debug;
		};
		53FB4BC029C37C7B00AE32F7 /* Release */ = {
			isa = XCBuildConfiguration;
			buildSettings = {
				ASSETCATALOG_COMPILER_GLOBAL_ACCENT_COLOR_NAME = AccentColor;
				ASSETCATALOG_COMPILER_WIDGET_BACKGROUND_COLOR_NAME = WidgetBackground;
				CODE_SIGN_STYLE = Automatic;
				CURRENT_PROJECT_VERSION = 1;
				DEVELOPMENT_TEAM = 5FF7DL6Z6Q;
				GENERATE_INFOPLIST_FILE = YES;
				INFOPLIST_FILE = Widgets/Info.plist;
				INFOPLIST_KEY_CFBundleDisplayName = Widgets;
				INFOPLIST_KEY_NSHumanReadableCopyright = "";
				LD_RUNPATH_SEARCH_PATHS = (
					"$(inherited)",
					"@executable_path/Frameworks",
					"@executable_path/../../Frameworks",
				);
				MARKETING_VERSION = 1.0;
				PRODUCT_BUNDLE_IDENTIFIER = kobayashi.shoto.wyid.WYID.Widgets;
				PRODUCT_NAME = "$(TARGET_NAME)";
				SKIP_INSTALL = YES;
				SWIFT_EMIT_LOC_STRINGS = YES;
				SWIFT_VERSION = 5.0;
				TARGETED_DEVICE_FAMILY = "1,2";
			};
			name = Release;
		};
		53FB4BF629C37DC900AE32F7 /* Debug */ = {
			isa = XCBuildConfiguration;
			buildSettings = {
				CODE_SIGN_STYLE = Automatic;
				CURRENT_PROJECT_VERSION = 1;
				DEVELOPMENT_TEAM = 5FF7DL6Z6Q;
				GENERATE_INFOPLIST_FILE = YES;
				INFOPLIST_FILE = Intent/Info.plist;
				INFOPLIST_KEY_CFBundleDisplayName = Intent;
				INFOPLIST_KEY_NSHumanReadableCopyright = "";
				LD_RUNPATH_SEARCH_PATHS = (
					"$(inherited)",
					"@executable_path/Frameworks",
					"@executable_path/../../Frameworks",
				);
				MARKETING_VERSION = 1.0;
				PRODUCT_BUNDLE_IDENTIFIER = kobayashi.shoto.wyid.WYID.Intent;
				PRODUCT_NAME = "$(TARGET_NAME)";
				SKIP_INSTALL = YES;
				SWIFT_EMIT_LOC_STRINGS = YES;
				SWIFT_VERSION = 5.0;
				TARGETED_DEVICE_FAMILY = "1,2";
			};
			name = Debug;
		};
		53FB4BF729C37DC900AE32F7 /* Release */ = {
			isa = XCBuildConfiguration;
			buildSettings = {
				CODE_SIGN_STYLE = Automatic;
				CURRENT_PROJECT_VERSION = 1;
				DEVELOPMENT_TEAM = 5FF7DL6Z6Q;
				GENERATE_INFOPLIST_FILE = YES;
				INFOPLIST_FILE = Intent/Info.plist;
				INFOPLIST_KEY_CFBundleDisplayName = Intent;
				INFOPLIST_KEY_NSHumanReadableCopyright = "";
				LD_RUNPATH_SEARCH_PATHS = (
					"$(inherited)",
					"@executable_path/Frameworks",
					"@executable_path/../../Frameworks",
				);
				MARKETING_VERSION = 1.0;
				PRODUCT_BUNDLE_IDENTIFIER = kobayashi.shoto.wyid.WYID.Intent;
				PRODUCT_NAME = "$(TARGET_NAME)";
				SKIP_INSTALL = YES;
				SWIFT_EMIT_LOC_STRINGS = YES;
				SWIFT_VERSION = 5.0;
				TARGETED_DEVICE_FAMILY = "1,2";
			};
			name = Release;
		};
/* End XCBuildConfiguration section */

/* Begin XCConfigurationList section */
		531421EB29C36131001671EB /* Build configuration list for PBXProject "WYID" */ = {
			isa = XCConfigurationList;
			buildConfigurations = (
				5314221229C36135001671EB /* Debug */,
				5314221329C36135001671EB /* Release */,
			);
			defaultConfigurationIsVisible = 0;
			defaultConfigurationName = Release;
		};
		5314221429C36135001671EB /* Build configuration list for PBXNativeTarget "WYID" */ = {
			isa = XCConfigurationList;
			buildConfigurations = (
				5314221529C36135001671EB /* Debug */,
				5314221629C36135001671EB /* Release */,
			);
			defaultConfigurationIsVisible = 0;
			defaultConfigurationName = Release;
		};
		53FB4BBE29C37C7B00AE32F7 /* Build configuration list for PBXNativeTarget "WidgetsExtension" */ = {
			isa = XCConfigurationList;
			buildConfigurations = (
				53FB4BBF29C37C7B00AE32F7 /* Debug */,
				53FB4BC029C37C7B00AE32F7 /* Release */,
			);
			defaultConfigurationIsVisible = 0;
			defaultConfigurationName = Release;
		};
		53FB4BF529C37DC900AE32F7 /* Build configuration list for PBXNativeTarget "Intent" */ = {
			isa = XCConfigurationList;
			buildConfigurations = (
				53FB4BF629C37DC900AE32F7 /* Debug */,
				53FB4BF729C37DC900AE32F7 /* Release */,
			);
			defaultConfigurationIsVisible = 0;
			defaultConfigurationName = Release;
		};
/* End XCConfigurationList section */

/* Begin XCSwiftPackageProductDependency section */
		531BF35A29C3860B00A28F40 /* WYID */ = {
			isa = XCSwiftPackageProductDependency;
			productName = WYID;
		};
/* End XCSwiftPackageProductDependency section */
	};
	rootObject = 531421E829C36131001671EB /* Project object */;
}
